
Microsoft Visual Studio Solution File, Format Version 12.00
# Visual Studio Version 16
VisualStudioVersion = 16.0.31424.327
MinimumVisualStudioVersion = 10.0.40219.1
Project("{FAE04EC0-301F-11D3-BF4B-00C04F79EFBC}") = "Auto_DataImport", "Auto_DataImport\Auto_DataImport.csproj", "{D300271A-29BA-4FFA-ADC9-4E9699F4CD0F}"
EndProject
Global
	GlobalSection(SolutionConfigurationPlatforms) = preSolution
		Debug|Any CPU = Debug|Any CPU
		Release|Any CPU = Release|Any CPU
	EndGlobalSection
	GlobalSection(ProjectConfigurationPlatforms) = postSolution
		{D300271A-29BA-4FFA-ADC9-4E9699F4CD0F}.Debug|Any CPU.ActiveCfg = Debug|Any CPU
		{D300271A-29BA-4FFA-ADC9-4E9699F4CD0F}.Debug|Any CPU.Build.0 = Debug|Any CPU
		{D300271A-29BA-4FFA-ADC9-4E9699F4CD0F}.Release|Any CPU.ActiveCfg = Release|Any CPU
		{D300271A-29BA-4FFA-ADC9-4E9699F4CD0F}.Release|Any CPU.Build.0 = Release|Any CPU
	EndGlobalSection
	GlobalSection(SolutionProperties) = preSolution
		HideSolutionNode = FALSE
	EndGlobalSection
	GlobalSection(ExtensibilityGlobals) = postSolution
		SolutionGuid = {47CB0B50-32A0-487F-AB5E-96ADB23DCBB6}
	EndGlobalSection
EndGlobal
